# This file was autogenerated by uv via the following command:
#    uv pip compile requirements.txt -o infra/requirements.lock
absl-py==2.3.1
    # via rouge-score
aiohappyeyeballs==2.6.1
    # via aiohttp
aiohttp==3.13.3
    # via fsspec
aiosignal==1.4.0
    # via aiohttp
altair==6.0.0
    # via streamlit
aniso8601==10.0.1
    # via flask-restx
annotated-types==0.7.0
    # via pydantic
anyio==4.12.0
    # via
    #   httpx
    #   jupyter-server
appdirs==1.4.4
    # via
    #   pyppeteer
    #   yahoofinancials
appnope==0.1.4
    # via ipykernel
argon2-cffi==25.1.0
    # via
    #   jupyter-server
    #   minio
argon2-cffi-bindings==25.1.0
    # via argon2-cffi
arrow==1.4.0
    # via isoduration
astroid==4.0.3
    # via pylint
asttokens==3.0.1
    # via stack-data
async-lru==2.0.5
    # via jupyterlab
atomicwrites==1.4.1
    # via uszipcode
attrs==25.4.0
    # via
    #   aiohttp
    #   cattrs
    #   glom
    #   jsonschema
    #   outcome
    #   referencing
    #   requests-cache
    #   service-identity
    #   trio
    #   twisted
    #   uszipcode
    #   visions
automat==25.4.16
    # via twisted
babel==2.17.0
    # via jupyterlab-server
beartype==0.22.9
    # via -r requirements.txt
beautifulsoup4==4.14.3
    # via
    #   -r requirements.txt
    #   bs4
    #   markdownify
    #   mechanicalsoup
    #   nbconvert
    #   yahoofinancials
    #   yfinance
bitarray==3.8.0
    # via -r requirements.txt
black==25.12.0
    # via
    #   -r requirements.txt
    #   kaggle
bleach==6.3.0
    # via
    #   kaggle
    #   nbconvert
    #   panel
blinker==1.9.0
    # via
    #   flask
    #   streamlit
blis==1.3.3
    # via thinc
bokeh==3.8.1
    # via
    #   geoviews
    #   holoviews
    #   panel
boltons==25.0.0
    # via
    #   face
    #   glom
branca==0.8.2
    # via ipyleaflet
bs4==0.0.2
    # via requests-html
cachetools==6.2.4
    # via
    #   google-auth
    #   streamlit
cartopy==0.25.0
    # via geoviews
catalogue==2.0.10
    # via
    #   spacy
    #   srsly
    #   thinc
cattrs==25.3.0
    # via requests-cache
certifi==2026.1.4
    # via
    #   curl-cffi
    #   httpcore
    #   httpx
    #   mechanicalsoup
    #   minio
    #   pyogrio
    #   pyproj
    #   requests
    #   selenium
cffi==2.0.0
    # via
    #   argon2-cffi-bindings
    #   cryptography
    #   curl-cffi
cfgv==3.5.0
    # via pre-commit
charset-normalizer==3.4.4
    # via requests
click==8.3.1
    # via
    #   black
    #   dask
    #   flask
    #   nltk
    #   streamlit
    #   typer
    #   typer-slim
cloudpathlib==0.23.0
    # via weasel
cloudpickle==3.1.2
    # via
    #   dask
    #   gymnasium
colorcet==3.1.0
    # via holoviews
comm==0.2.3
    # via
    #   ipykernel
    #   ipywidgets
compact-json==1.8.2
    # via numbers-parser
confection==0.1.5
    # via
    #   thinc
    #   weasel
constantly==23.10.4
    # via twisted
contourpy==1.3.3
    # via
    #   bokeh
    #   matplotlib
coverage==7.13.1
    # via pytest-cov
cramjam==2.11.0
    # via
    #   numbers-parser
    #   python-snappy
cryptography==46.0.3
    # via
    #   pyopenssl
    #   scrapy
    #   service-identity
    #   types-pyopenssl
    #   types-redis
cssselect==1.3.0
    # via
    #   parsel
    #   pyquery
    #   scrapy
curl-cffi==0.13.0
    # via yfinance
cycler==0.12.1
    # via matplotlib
cymem==2.0.13
    # via
    #   preshed
    #   spacy
    #   thinc
dacite==1.9.2
    # via ydata-profiling
dask==2025.12.0
    # via -r requirements.txt
datasets==4.4.2
    # via
    #   -r requirements.txt
    #   evaluate
debugpy==1.8.19
    # via ipykernel
decorator==5.2.1
    # via ipython
defusedxml==0.7.1
    # via
    #   nbconvert
    #   scrapy
deprecation==2.1.0
    # via eyed3
dill==0.4.0
    # via
    #   datasets
    #   evaluate
    #   multiprocess
    #   pylint
distlib==0.4.0
    # via virtualenv
enum-tools==0.13.0
    # via numbers-parser
et-xmlfile==2.0.0
    # via openpyxl
evaluate==0.4.6
    # via -r requirements.txt
executing==2.2.1
    # via stack-data
eyed3==0.9.9
    # via -r requirements.txt
face==24.0.0
    # via glom
fake-useragent==2.2.0
    # via requests-html
farama-notifications==0.0.4
    # via gymnasium
fasteners==0.20
    # via -r requirements.txt
fastjsonschema==2.21.2
    # via nbformat
filelock==3.20.2
    # via
    #   datasets
    #   huggingface-hub
    #   tldextract
    #   torch
    #   transformers
    #   virtualenv
filetype==1.2.0
    # via
    #   eyed3
    #   ydata-profiling
flake8==7.3.0
    # via -r requirements.txt
flask==3.1.2
    # via
    #   -r requirements.txt
    #   flask-htmx
    #   flask-restx
    #   flask-sqlalchemy
flask-htmx==0.4.0
    # via -r requirements.txt
flask-restx==1.3.2
    # via -r requirements.txt
flask-sqlalchemy==3.1.1
    # via -r requirements.txt
fonttools==4.61.1
    # via matplotlib
fqdn==1.5.1
    # via jsonschema
frozendict==2.4.7
    # via
    #   yahoofinancials
    #   yfinance
frozenlist==1.8.0
    # via
    #   aiohttp
    #   aiosignal
fsspec==2025.10.0
    # via
    #   dask
    #   datasets
    #   evaluate
    #   huggingface-hub
    #   torch
fuzzywuzzy==0.18.0
    # via uszipcode
geographiclib==2.1
    # via geopy
geopandas==1.1.2
    # via
    #   -r requirements.txt
    #   osmnx
geopy==2.4.1
    # via -r requirements.txt
geoviews==1.15.0
    # via -r requirements.txt
gitdb==4.0.12
    # via gitpython
gitpython==3.1.46
    # via streamlit
glom==25.12.0
    # via -r requirements.txt
google-auth==2.45.0
    # via
    #   google-auth-oauthlib
    #   gspread
google-auth-oauthlib==1.2.2
    # via gspread
gpxpy==1.6.2
    # via -r requirements.txt
graphviz==0.21
    # via -r requirements.txt
gspread==6.2.1
    # via -r requirements.txt
gunicorn==23.0.0
    # via -r requirements.txt
gymnasium==1.2.3
    # via -r requirements.txt
h11==0.16.0
    # via
    #   httpcore
    #   wsproto
haversine==2.9.0
    # via uszipcode
hf-xet==1.2.0
    # via huggingface-hub
holoviews==1.22.1
    # via geoviews
html2text==2025.4.15
    # via -r requirements.txt
httpcore==1.0.9
    # via httpx
httplib2==0.31.0
    # via oauth2client
httpx==0.28.1
    # via
    #   datasets
    #   jupyterlab
huggingface-hub==0.36.0
    # via
    #   -r requirements.txt
    #   datasets
    #   evaluate
    #   tokenizers
    #   transformers
hyperlink==21.0.0
    # via twisted
hypothesis==6.149.0
    # via -r requirements.txt
identify==2.6.15
    # via pre-commit
idna==3.11
    # via
    #   anyio
    #   httpx
    #   hyperlink
    #   jsonschema
    #   requests
    #   tldextract
    #   trio
    #   url-normalize
    #   yarl
imagehash==4.3.2
    # via
    #   visions
    #   ydata-profiling
imbalanced-learn==0.14.1
    # via -r requirements.txt
importlib-resources==6.5.2
    # via
    #   compact-json
    #   flask-restx
    #   numbers-parser
incremental==24.11.0
    # via twisted
inflect==7.5.0
    # via sqlacodegen-v2
iniconfig==2.3.0
    # via pytest
ipykernel==7.1.0
    # via jupyterlab
ipyleaflet==0.20.0
    # via -r requirements.txt
ipython==9.9.0
    # via
    #   black
    #   ipykernel
    #   ipywidgets
ipython-pygments-lexers==1.1.1
    # via ipython
ipywidgets==8.1.8
    # via ipyleaflet
isoduration==20.11.0
    # via jsonschema
isort==7.0.0
    # via
    #   -r requirements.txt
    #   pylint
itemadapter==0.13.0
    # via
    #   itemloaders
    #   scrapy
itemloaders==1.3.2
    # via scrapy
itsdangerous==2.2.0
    # via flask
jedi==0.19.2
    # via ipython
jinja2==3.1.6
    # via
    #   altair
    #   bokeh
    #   branca
    #   flask
    #   jupyter-server
    #   jupyterlab
    #   jupyterlab-server
    #   nbconvert
    #   pydeck
    #   spacy
    #   torch
    #   ydata-profiling
jmespath==1.0.1
    # via
    #   itemloaders
    #   parsel
joblib==1.5.3
    # via
    #   imbalanced-learn
    #   nltk
    #   phik
    #   scikit-learn
json5==0.13.0
    # via jupyterlab-server
jsonpointer==3.0.0
    # via jsonschema
jsonschema==4.25.1
    # via
    #   altair
    #   flask-restx
    #   jupyter-events
    #   jupyterlab-server
    #   nbformat
jsonschema-specifications==2025.9.1
    # via jsonschema
jupyter-client==8.7.0
    # via
    #   ipykernel
    #   jupyter-server
    #   nbclient
jupyter-core==5.9.1
    # via
    #   ipykernel
    #   jupyter-client
    #   jupyter-server
    #   jupyterlab
    #   nbclient
    #   nbconvert
    #   nbformat
jupyter-events==0.12.0
    # via jupyter-server
jupyter-leaflet==0.20.0
    # via ipyleaflet
jupyter-lsp==2.3.0
    # via jupyterlab
jupyter-server==2.17.0
    # via
    #   jupyter-lsp
    #   jupyterlab
    #   jupyterlab-server
    #   notebook-shim
jupyter-server-terminals==0.5.3
    # via jupyter-server
jupyterlab==4.5.1
    # via -r requirements.txt
jupyterlab-pygments==0.3.0
    # via nbconvert
jupyterlab-server==2.28.0
    # via jupyterlab
jupyterlab-widgets==3.0.16
    # via ipywidgets
kaggle==1.8.3
    # via -r requirements.txt
kagglesdk==0.1.14
    # via kaggle
kiwisolver==1.4.9
    # via matplotlib
lark==1.3.1
    # via rfc3987-syntax
levenshtein==0.27.3
    # via python-levenshtein
liac-arff==2.5.0
    # via openml
librt==0.7.7
    # via mypy
linetimer==0.1.5
    # via -r requirements.txt
linkify-it-py==2.0.3
    # via panel
llvmlite==0.45.1
    # via numba
locket==1.0.0
    # via partd
lxml==6.0.2
    # via
    #   -r requirements.txt
    #   mechanicalsoup
    #   parsel
    #   pyquery
    #   python-docx
    #   scrapy
    #   yahoofinancials
markdown==3.10
    # via panel
markdown-it-py==4.0.0
    # via
    #   mdit-py-plugins
    #   panel
    #   rich
markdownify==1.2.2
    # via -r requirements.txt
markupsafe==3.0.3
    # via
    #   flask
    #   jinja2
    #   nbconvert
    #   werkzeug
matplotlib==3.10.0
    # via
    #   -r requirements.txt
    #   cartopy
    #   mplcursors
    #   phik
    #   planegeometry
    #   plotnine
    #   seaborn
    #   types-seaborn
    #   wordcloud
    #   ydata-profiling
matplotlib-inline==0.2.1
    # via
    #   ipykernel
    #   ipython
maturin==1.10.2
    # via -r requirements.txt
mccabe==0.7.0
    # via
    #   flake8
    #   pylint
mdit-py-plugins==0.5.0
    # via panel
mdurl==0.1.2
    # via markdown-it-py
mechanicalsoup==1.4.0
    # via -r requirements.txt
memory-profiler==0.61.0
    # via -r requirements.txt
minify-html==0.18.1
    # via ydata-profiling
minio==7.2.20
    # via openml
mistune==3.2.0
    # via nbconvert
mizani==0.14.3
    # via plotnine
more-itertools==10.8.0
    # via inflect
mplcursors==0.7
    # via -r requirements.txt
mpmath==1.3.0
    # via sympy
multidict==6.7.0
    # via
    #   aiohttp
    #   yarl
multimethod==1.12
    # via
    #   visions
    #   ydata-profiling
multiprocess==0.70.18
    # via
    #   datasets
    #   evaluate
multitasking==0.0.12
    # via yfinance
murmurhash==1.0.15
    # via
    #   preshed
    #   spacy
    #   thinc
mypy==1.19.1
    # via
    #   -r requirements.txt
    #   kaggle
mypy-extensions==1.1.0
    # via
    #   black
    #   mypy
narwhals==2.14.0
    # via
    #   altair
    #   bokeh
    #   holoviews
    #   panel
nbclient==0.10.4
    # via nbconvert
nbconvert==7.16.6
    # via jupyter-server
nbformat==5.10.4
    # via
    #   jupyter-server
    #   nbclient
    #   nbconvert
nest-asyncio==1.6.0
    # via ipykernel
netifaces==0.11.0
    # via -r requirements.txt
networkx==3.6.1
    # via
    #   osmnx
    #   torch
    #   visions
nltk==3.9.2
    # via rouge-score
nodeenv==1.10.0
    # via
    #   pre-commit
    #   pyright
notebook-shim==0.2.4
    # via jupyterlab
numba==0.62.1
    # via ydata-profiling
numbers-parser==4.16.3
    # via -r requirements.txt
numpy==2.3.5
    # via
    #   -r requirements.txt
    #   blis
    #   bokeh
    #   cartopy
    #   contourpy
    #   datasets
    #   evaluate
    #   geopandas
    #   geoviews
    #   gymnasium
    #   holoviews
    #   imagehash
    #   imbalanced-learn
    #   matplotlib
    #   mizani
    #   numba
    #   opencv-python-headless
    #   openml
    #   osmnx
    #   pandas
    #   pandas-stubs
    #   patsy
    #   phik
    #   planegeometry
    #   plotnine
    #   pydeck
    #   pyogrio
    #   pywavelets
    #   rouge-score
    #   scikit-learn
    #   scipy
    #   seaborn
    #   shapely
    #   spacy
    #   statsmodels
    #   streamlit
    #   thinc
    #   transformers
    #   types-seaborn
    #   visions
    #   wordcloud
    #   ydata-profiling
    #   yfinance
oauth2client==4.1.3
    # via -r requirements.txt
oauthlib==3.3.1
    # via requests-oauthlib
opencv-python-headless==4.11.0.86
    # via -r requirements.txt
openml==0.15.1
    # via -r requirements.txt
openpyxl==3.1.5
    # via -r requirements.txt
osmnx==2.0.7
    # via -r requirements.txt
outcome==1.3.0.post0
    # via
    #   trio
    #   trio-websocket
packaging==25.0
    # via
    #   altair
    #   black
    #   bokeh
    #   cartopy
    #   dask
    #   datasets
    #   deprecation
    #   evaluate
    #   geopandas
    #   geoviews
    #   gunicorn
    #   holoviews
    #   huggingface-hub
    #   incremental
    #   ipykernel
    #   jupyter-events
    #   jupyter-server
    #   jupyterlab
    #   jupyterlab-server
    #   kaggle
    #   matplotlib
    #   nbconvert
    #   openml
    #   panel
    #   parsel
    #   pyogrio
    #   pytesseract
    #   pytest
    #   scrapy
    #   spacy
    #   statsmodels
    #   streamlit
    #   thinc
    #   transformers
    #   weasel
palettable==3.3.3
    # via -r requirements.txt
pandas==2.3.3
    # via
    #   -r requirements.txt
    #   bokeh
    #   datasets
    #   evaluate
    #   geopandas
    #   holoviews
    #   mizani
    #   openml
    #   osmnx
    #   panel
    #   phik
    #   plotnine
    #   seaborn
    #   statsmodels
    #   streamlit
    #   visions
    #   ydata-profiling
    #   yfinance
pandas-stubs==2.3.3.251219
    # via
    #   -r requirements.txt
    #   types-seaborn
pandocfilters==1.5.1
    # via nbconvert
panel==1.8.5
    # via
    #   geoviews
    #   holoviews
param==2.3.1
    # via
    #   geoviews
    #   holoviews
    #   panel
    #   pyviz-comms
parse==1.20.2
    # via requests-html
parsel==1.10.0
    # via
    #   itemloaders
    #   scrapy
parso==0.8.5
    # via jedi
partd==1.4.2
    # via dask
pathlib-mate==1.3.2
    # via uszipcode
pathspec==0.12.1
    # via
    #   black
    #   mypy
patsy==1.0.2
    # via statsmodels
pdf2image==1.17.0
    # via -r requirements.txt
pdftotext==3.0.0
    # via -r requirements.txt
peewee==3.18.3
    # via
    #   yahoofinancials
    #   yfinance
pexpect==4.9.0
    # via ipython
phik==0.12.5
    # via ydata-profiling
pillow==12.1.0
    # via
    #   -r requirements.txt
    #   bokeh
    #   imagehash
    #   matplotlib
    #   pdf2image
    #   pytesseract
    #   streamlit
    #   visions
    #   wordcloud
pip==25.3
    # via -r requirements.txt
planegeometry==1.0.3
    # via -r requirements.txt
platformdirs==4.5.1
    # via
    #   black
    #   jupyter-core
    #   pylint
    #   requests-cache
    #   virtualenv
    #   yfinance
plotnine==0.15.2
    # via -r requirements.txt
pluggy==1.6.0
    # via
    #   pytest
    #   pytest-cov
polars==1.36.1
    # via -r requirements.txt
polars-runtime-32==1.36.1
    # via polars
pre-commit==4.5.1
    # via -r requirements.txt
preshed==3.0.12
    # via
    #   spacy
    #   thinc
prettytable==3.17.0
    # via sqlalchemy-mate
prometheus-client==0.23.1
    # via jupyter-server
prompt-toolkit==3.0.52
    # via ipython
propcache==0.4.1
    # via
    #   aiohttp
    #   yarl
protego==0.5.0
    # via scrapy
protobuf==6.33.2
    # via
    #   kaggle
    #   kagglesdk
    #   numbers-parser
    #   streamlit
    #   yfinance
psutil==7.2.1
    # via
    #   -r requirements.txt
    #   ipykernel
    #   memory-profiler
    #   pynisher
ptyprocess==0.7.0
    # via
    #   pexpect
    #   terminado
pure-eval==0.2.3
    # via stack-data
puremagic==1.30
    # via visions
py4j==0.10.9.9
    # via pyspark
pyarrow==22.0.0
    # via
    #   -r requirements.txt
    #   datasets
    #   openml
    #   pyarrow-stubs
    #   streamlit
pyarrow-stubs==20.0.0.20251215
    # via -r requirements.txt
pyasn1==0.6.1
    # via
    #   oauth2client
    #   pyasn1-modules
    #   rsa
    #   service-identity
pyasn1-modules==0.4.2
    # via
    #   google-auth
    #   oauth2client
    #   service-identity
pyaudioanalysis==0.3.14
    # via -r requirements.txt
pycodestyle==2.14.0
    # via flake8
pycparser==2.23
    # via cffi
pycryptodome==3.23.0
    # via minio
pydantic==2.12.5
    # via
    #   -r requirements.txt
    #   confection
    #   spacy
    #   sqlmodel
    #   thinc
    #   weasel
    #   ydata-profiling
pydantic-core==2.41.5
    # via pydantic
pydeck==0.9.1
    # via
    #   -r requirements.txt
    #   streamlit
pydispatcher==2.0.7
    # via scrapy
pydub==0.25.1
    # via -r requirements.txt
pyee==13.0.0
    # via pyppeteer
pyflakes==3.4.0
    # via flake8
pygame==2.6.1
    # via gymnasium
pygame-ce==2.5.6
    # via -r requirements.txt
pygments==2.19.2
    # via
    #   enum-tools
    #   ipython
    #   ipython-pygments-lexers
    #   nbconvert
    #   pytest
    #   rich
pylint==4.0.4
    # via -r requirements.txt
pynisher==1.0.10
    # via -r requirements.txt
pyogrio==0.12.1
    # via geopandas
pyopenssl==25.3.0
    # via scrapy
pypandoc==1.16.2
    # via -r requirements.txt
pyparsing==3.3.1
    # via
    #   httplib2
    #   matplotlib
pyppeteer==0.0.25
    # via requests-html
pyproj==3.7.2
    # via
    #   cartopy
    #   geopandas
    #   geoviews
pyquery==2.0.1
    # via requests-html
pyrate-limiter==2.10.0
    # via requests-ratelimiter
pyright==1.1.407
    # via -r requirements.txt
pyshp==3.0.3
    # via cartopy
pysocks==1.7.1
    # via urllib3
pyspark==4.1.0
    # via -r requirements.txt
pytesseract==0.3.13
    # via -r requirements.txt
pytest==9.0.2
    # via
    #   -r requirements.txt
    #   pytest-cov
pytest-cov==7.0.0
    # via -r requirements.txt
python-dateutil==2.9.0.post0
    # via
    #   arrow
    #   holoviews
    #   jupyter-client
    #   kaggle
    #   matplotlib
    #   numbers-parser
    #   openml
    #   pandas
python-docx==1.2.0
    # via -r requirements.txt
python-json-logger==4.0.0
    # via jupyter-events
python-levenshtein==0.27.3
    # via -r requirements.txt
python-magic==0.4.27
    # via -r requirements.txt
python-slugify==8.0.4
    # via kaggle
python-snappy==0.7.3
    # via numbers-parser
pytokens==0.3.0
    # via black
pytz==2025.2
    # via
    #   pandas
    #   yahoofinancials
    #   yfinance
pyviz-comms==3.0.6
    # via
    #   holoviews
    #   panel
pywavelets==1.9.0
    # via imagehash
pyyaml==6.0.3
    # via
    #   bokeh
    #   dask
    #   datasets
    #   huggingface-hub
    #   jupyter-events
    #   pre-commit
    #   transformers
    #   ydata-profiling
pyzmq==27.1.0
    # via
    #   ipykernel
    #   jupyter-client
    #   jupyter-server
queuelib==1.8.0
    # via scrapy
rapidfuzz==3.14.3
    # via levenshtein
redis==7.1.0
    # via -r requirements.txt
reedsolo==1.7.0
    # via -r requirements.txt
referencing==0.37.0
    # via
    #   flask-restx
    #   jsonschema
    #   jsonschema-specifications
    #   jupyter-events
regex==2025.11.3
    # via
    #   nltk
    #   transformers
requests==2.32.5
    # via
    #   datasets
    #   evaluate
    #   huggingface-hub
    #   jupyterlab-server
    #   kaggle
    #   kagglesdk
    #   mechanicalsoup
    #   openml
    #   osmnx
    #   panel
    #   requests-cache
    #   requests-file
    #   requests-html
    #   requests-oauthlib
    #   requests-ratelimiter
    #   spacy
    #   streamlit
    #   tldextract
    #   transformers
    #   uszipcode
    #   weasel
    #   yahoofinancials
    #   ydata-profiling
    #   yfinance
requests-cache==1.2.1
    # via
    #   -r requirements.txt
    #   yfinance
requests-file==3.0.1
    # via tldextract
requests-html==0.10.0
    # via -r requirements.txt
requests-oauthlib==2.0.0
    # via google-auth-oauthlib
requests-ratelimiter==0.8.0
    # via yfinance
rfc3339-validator==0.1.4
    # via
    #   jsonschema
    #   jupyter-events
rfc3986-validator==0.1.1
    # via
    #   jsonschema
    #   jupyter-events
rfc3987-syntax==1.1.0
    # via jsonschema
rich==14.2.0
    # via typer
roman==5.2
    # via -r requirements.txt
rouge-score==0.1.2
    # via -r requirements.txt
rpds-py==0.30.0
    # via
    #   jsonschema
    #   referencing
rsa==4.9.1
    # via
    #   google-auth
    #   oauth2client
ruamel-yaml==0.19.1
    # via -r requirements.txt
ruff==0.14.10
    # via -r requirements.txt
safetensors==0.7.0
    # via transformers
scikit-learn==1.8.0
    # via
    #   -r requirements.txt
    #   imbalanced-learn
    #   openml
    #   sklearn-compat
scipy==1.16.3
    # via
    #   imagehash
    #   imbalanced-learn
    #   mizani
    #   openml
    #   phik
    #   plotnine
    #   scikit-learn
    #   statsmodels
    #   ydata-profiling
scrapy==2.14.0
    # via -r requirements.txt
seaborn==0.13.2
    # via
    #   -r requirements.txt
    #   ydata-profiling
selenium==4.39.0
    # via -r requirements.txt
send2trash==2.0.0
    # via jupyter-server
service-identity==24.2.0
    # via scrapy
setuptools==80.9.0
    # via
    #   compact-json
    #   jupyterlab
    #   numbers-parser
    #   spacy
    #   thinc
    #   torch
shapely==2.1.2
    # via
    #   cartopy
    #   geopandas
    #   geoviews
    #   osmnx
shellingham==1.5.4
    # via typer
sigfig==1.3.19
    # via numbers-parser
six==1.17.0
    # via
    #   kaggle
    #   markdownify
    #   oauth2client
    #   python-dateutil
    #   rfc3339-validator
    #   rouge-score
sklearn-compat==0.1.5
    # via imbalanced-learn
smart-open==7.5.0
    # via weasel
smmap==5.0.2
    # via gitdb
sniffio==1.3.1
    # via trio
sortedcontainers==2.4.0
    # via
    #   -r requirements.txt
    #   hypothesis
    #   sigfig
    #   sortedcontainers-stubs
    #   trio
sortedcontainers-stubs==2.4.3
    # via -r requirements.txt
soupsieve==2.8.1
    # via beautifulsoup4
spacy==3.8.11
    # via -r requirements.txt
spacy-legacy==3.0.12
    # via spacy
spacy-loggers==1.0.5
    # via spacy
sqlacodegen-v2==0.1.4
    # via -r requirements.txt
sqlalchemy==2.0.45
    # via
    #   -r requirements.txt
    #   flask-sqlalchemy
    #   sqlacodegen-v2
    #   sqlalchemy-mate
    #   sqlmodel
    #   uszipcode
sqlalchemy-mate==2.0.0.3
    # via
    #   -r requirements.txt
    #   uszipcode
sqlmodel==0.0.31
    # via -r requirements.txt
srsly==2.5.2
    # via
    #   confection
    #   spacy
    #   thinc
    #   weasel
stack-data==0.6.3
    # via ipython
statsmodels==0.14.6
    # via
    #   plotnine
    #   ydata-profiling
streamlit==1.52.2
    # via
    #   -r requirements.txt
    #   streamlit-image-coordinates
streamlit-image-coordinates==0.4.0
    # via -r requirements.txt
swig==4.4.1
    # via -r requirements.txt
sympy==1.14.0
    # via
    #   -r requirements.txt
    #   torch
tabulate==0.9.0
    # via -r requirements.txt
tenacity==9.1.2
    # via streamlit
terminado==0.18.1
    # via
    #   jupyter-server
    #   jupyter-server-terminals
text-unidecode==1.3
    # via python-slugify
thinc==8.3.10
    # via spacy
threadpoolctl==3.6.0
    # via
    #   imbalanced-learn
    #   scikit-learn
tinycss2==1.4.0
    # via bleach
tldextract==5.3.1
    # via scrapy
tokenize-rt==6.2.0
    # via black
tokenizers==0.22.2
    # via transformers
toml==0.10.2
    # via streamlit
tomlkit==0.13.3
    # via pylint
toolz==1.1.0
    # via
    #   dask
    #   partd
torch==2.9.1
    # via -r requirements.txt
tornado==6.5.4
    # via
    #   bokeh
    #   ipykernel
    #   jupyter-client
    #   jupyter-server
    #   jupyterlab
    #   streamlit
    #   terminado
tqdm==4.67.1
    # via
    #   datasets
    #   evaluate
    #   huggingface-hub
    #   kaggle
    #   nltk
    #   openml
    #   panel
    #   pyppeteer
    #   spacy
    #   transformers
    #   ydata-profiling
traitlets==5.14.3
    # via
    #   ipykernel
    #   ipython
    #   ipywidgets
    #   jupyter-client
    #   jupyter-core
    #   jupyter-events
    #   jupyter-server
    #   jupyterlab
    #   matplotlib-inline
    #   nbclient
    #   nbconvert
    #   nbformat
    #   traittypes
traittypes==0.2.3
    # via ipyleaflet
transformers==4.57.3
    # via -r requirements.txt
trio==0.32.0
    # via
    #   selenium
    #   trio-websocket
trio-websocket==0.12.2
    # via selenium
twisted==25.5.0
    # via scrapy
typeguard==4.4.4
    # via
    #   inflect
    #   ydata-profiling
typer==0.21.0
    # via -r requirements.txt
typer-slim==0.21.0
    # via
    #   spacy
    #   weasel
types-beautifulsoup4==4.12.0.20250516
    # via -r requirements.txt
types-cffi==1.17.0.20250915
    # via types-pyopenssl
types-html5lib==1.1.11.20251117
    # via types-beautifulsoup4
types-openpyxl==3.1.5.20250919
    # via -r requirements.txt
types-pillow==10.2.0.20240822
    # via -r requirements.txt
types-pyopenssl==24.1.0.20240722
    # via types-redis
types-python-dateutil==2.9.0.20251115
    # via -r requirements.txt
types-pytz==2025.2.0.20251108
    # via
    #   -r requirements.txt
    #   pandas-stubs
types-redis==4.6.0.20241004
    # via -r requirements.txt
types-requests==2.32.4.20250913
    # via
    #   -r requirements.txt
    #   kaggle
    #   types-tqdm
types-seaborn==0.13.2.20251221
    # via -r requirements.txt
types-setuptools==80.9.0.20251223
    # via types-cffi
types-tabulate==0.9.0.20241207
    # via -r requirements.txt
types-tqdm==4.67.0.20250809
    # via
    #   -r requirements.txt
    #   kaggle
types-webencodings==0.5.0.20251108
    # via types-html5lib
typing-extensions==4.15.0
    # via
    #   altair
    #   beautifulsoup4
    #   cattrs
    #   enum-tools
    #   gymnasium
    #   huggingface-hub
    #   minio
    #   mypy
    #   panel
    #   pydantic
    #   pydantic-core
    #   pyee
    #   pynisher
    #   pyright
    #   python-docx
    #   selenium
    #   sortedcontainers-stubs
    #   sqlalchemy
    #   streamlit
    #   torch
    #   twisted
    #   typeguard
    #   typer
    #   typer-slim
    #   typing-inspection
typing-inspection==0.4.2
    # via pydantic
tzdata==2025.3
    # via
    #   arrow
    #   pandas
uc-micro-py==1.0.3
    # via linkify-it-py
unidecode==1.4.0
    # via -r requirements.txt
uri-template==1.3.0
    # via jsonschema
url-normalize==2.2.1
    # via requests-cache
urllib3==2.6.2
    # via
    #   kaggle
    #   mechanicalsoup
    #   minio
    #   pyppeteer
    #   requests
    #   requests-cache
    #   selenium
    #   types-requests
uszipcode==1.0.1
    # via -r requirements.txt
uv==0.9.21
    # via -r requirements.txt
virtualenv==20.35.4
    # via pre-commit
visions==0.8.1
    # via ydata-profiling
w3lib==2.3.1
    # via
    #   parsel
    #   requests-html
    #   scrapy
wasabi==1.1.3
    # via
    #   spacy
    #   thinc
    #   weasel
watchdog==6.0.0
    # via -r requirements.txt
wcwidth==0.2.14
    # via
    #   compact-json
    #   prettytable
    #   prompt-toolkit
weasel==0.4.3
    # via spacy
webcolors==25.10.0
    # via jsonschema
webencodings==0.5.1
    # via
    #   bleach
    #   tinycss2
websocket-client==1.9.0
    # via
    #   jupyter-server
    #   selenium
websockets==15.0.1
    # via
    #   pyppeteer
    #   yfinance
werkzeug==3.1.4
    # via
    #   flask
    #   flask-restx
widgetsnbextension==4.0.15
    # via ipywidgets
wordcloud==1.9.5
    # via ydata-profiling
wrapt==2.0.1
    # via smart-open
wsproto==1.3.2
    # via trio-websocket
xlsx2csv==0.8.4
    # via -r requirements.txt
xmltodict==1.0.2
    # via openml
xxhash==3.6.0
    # via
    #   datasets
    #   evaluate
xyzservices==2025.11.0
    # via
    #   bokeh
    #   geoviews
    #   ipyleaflet
yahoofinancials==1.20
    # via -r requirements.txt
yarl==1.22.0
    # via aiohttp
ydata-profiling==4.18.0
    # via -r requirements.txt
yfinance==1.0
    # via -r requirements.txt
zope-interface==8.1.1
    # via
    #   scrapy
    #   twisted
