# This file was autogenerated by uv via the following command:
#    uv pip compile requirements.txt -o infra/requirements.lock
absl-py==2.1.0
    # via rouge-score
aiohappyeyeballs==2.4.6
    # via aiohttp
aiohttp==3.11.12
    # via
    #   datasets
    #   fsspec
aiosignal==1.3.2
    # via aiohttp
altair==5.5.0
    # via streamlit
aniso8601==10.0.0
    # via flask-restx
anyio==4.8.0
    # via
    #   httpx
    #   jupyter-server
appdirs==1.4.4
    # via
    #   pyppeteer
    #   yahoofinancials
appnope==0.1.4
    # via ipykernel
argon2-cffi==23.1.0
    # via
    #   jupyter-server
    #   minio
argon2-cffi-bindings==21.2.0
    # via argon2-cffi
arrow==1.3.0
    # via isoduration
astroid==3.3.8
    # via pylint
asttokens==3.0.0
    # via stack-data
async-lru==2.0.4
    # via jupyterlab
atomicwrites==1.4.1
    # via uszipcode
attrs==25.1.0
    # via
    #   aiohttp
    #   cattrs
    #   glom
    #   hypothesis
    #   jsonschema
    #   outcome
    #   referencing
    #   requests-cache
    #   service-identity
    #   trio
    #   twisted
    #   uszipcode
automat==24.8.1
    # via twisted
babel==2.17.0
    # via jupyterlab-server
beartype==0.19.0
    # via -r requirements.txt
beautifulsoup4==4.13.3
    # via
    #   -r requirements.txt
    #   bs4
    #   markdownify
    #   mechanicalsoup
    #   nbconvert
    #   yahoofinancials
    #   yfinance
bitarray==3.0.0
    # via -r requirements.txt
black==25.1.0
    # via -r requirements.txt
bleach==6.2.0
    # via
    #   kaggle
    #   nbconvert
    #   panel
blinker==1.9.0
    # via
    #   flask
    #   streamlit
bokeh==3.6.3
    # via
    #   geoviews
    #   holoviews
    #   panel
boltons==25.0.0
    # via
    #   face
    #   glom
branca==0.8.1
    # via ipyleaflet
bs4==0.0.2
    # via requests-html
cachetools==5.5.1
    # via
    #   google-auth
    #   streamlit
cartopy==0.24.1
    # via geoviews
cattrs==24.1.2
    # via requests-cache
certifi==2025.1.31
    # via
    #   httpcore
    #   httpx
    #   kaggle
    #   minio
    #   pyogrio
    #   pyproj
    #   requests
    #   selenium
cffi==1.17.1
    # via
    #   argon2-cffi-bindings
    #   cryptography
cfgv==3.4.0
    # via pre-commit
charset-normalizer==3.4.1
    # via requests
click==8.1.8
    # via
    #   black
    #   dask
    #   flask
    #   nltk
    #   streamlit
    #   typer
cloudpickle==3.1.1
    # via
    #   dask
    #   gymnasium
colorcet==3.1.0
    # via holoviews
comm==0.2.2
    # via
    #   ipykernel
    #   ipywidgets
compact-json==1.8.1
    # via numbers-parser
constantly==23.10.4
    # via twisted
contourpy==1.3.1
    # via
    #   bokeh
    #   matplotlib
coverage==5.5
    # via
    #   eyed3
    #   pytest-cov
cramjam==2.9.1
    # via python-snappy
cryptography==44.0.1
    # via
    #   pyopenssl
    #   scrapy
    #   service-identity
    #   types-pyopenssl
    #   types-redis
cssselect==1.2.0
    # via
    #   parsel
    #   pyquery
    #   scrapy
cycler==0.12.1
    # via matplotlib
dask==2025.2.0
    # via -r requirements.txt
datasets==3.3.1
    # via
    #   -r requirements.txt
    #   evaluate
debugpy==1.8.12
    # via ipykernel
decorator==5.1.1
    # via ipython
defusedxml==0.7.1
    # via
    #   nbconvert
    #   scrapy
deprecation==2.1.0
    # via eyed3
dill==0.3.8
    # via
    #   datasets
    #   evaluate
    #   multiprocess
    #   pylint
distlib==0.3.9
    # via virtualenv
enum-tools==0.12.0
    # via numbers-parser
et-xmlfile==2.0.0
    # via openpyxl
evaluate==0.4.3
    # via -r requirements.txt
executing==2.2.0
    # via stack-data
eyed3==0.9.7
    # via -r requirements.txt
face==24.0.0
    # via glom
fake-useragent==2.0.3
    # via requests-html
farama-notifications==0.0.4
    # via gymnasium
fasteners==0.19
    # via -r requirements.txt
fastjsonschema==2.21.1
    # via nbformat
filelock==3.17.0
    # via
    #   datasets
    #   huggingface-hub
    #   tldextract
    #   virtualenv
filetype==1.2.0
    # via eyed3
flake8==7.1.2
    # via -r requirements.txt
flask==3.1.0
    # via
    #   -r requirements.txt
    #   flask-htmx
    #   flask-restx
    #   flask-sqlalchemy
flask-htmx==0.4.0
    # via -r requirements.txt
flask-restx==1.3.0
    # via -r requirements.txt
flask-sqlalchemy==3.1.1
    # via -r requirements.txt
fonttools==4.56.0
    # via matplotlib
fqdn==1.5.1
    # via jsonschema
frozendict==2.4.6
    # via
    #   yahoofinancials
    #   yfinance
frozenlist==1.5.0
    # via
    #   aiohttp
    #   aiosignal
fsspec==2024.12.0
    # via
    #   dask
    #   datasets
    #   evaluate
    #   huggingface-hub
fuzzywuzzy==0.18.0
    # via uszipcode
geographiclib==2.0
    # via geopy
geopandas==1.0.1
    # via
    #   -r requirements.txt
    #   osmnx
geopy==2.4.1
    # via -r requirements.txt
geoviews==1.14.0
    # via -r requirements.txt
gitdb==4.0.12
    # via gitpython
gitpython==3.1.44
    # via streamlit
glom==24.11.0
    # via -r requirements.txt
google-auth==2.38.0
    # via
    #   google-auth-oauthlib
    #   gspread
google-auth-oauthlib==1.2.1
    # via gspread
gpxpy==1.6.2
    # via -r requirements.txt
graphviz==0.20.3
    # via -r requirements.txt
gspread==6.1.4
    # via -r requirements.txt
gunicorn==23.0.0
    # via -r requirements.txt
gymnasium==1.0.0
    # via -r requirements.txt
h11==0.14.0
    # via
    #   httpcore
    #   wsproto
haversine==2.9.0
    # via uszipcode
holoviews==1.20.1
    # via geoviews
html2text==2024.2.26
    # via -r requirements.txt
httpcore==1.0.7
    # via httpx
httplib2==0.22.0
    # via oauth2client
httpx==0.28.1
    # via jupyterlab
huggingface-hub==0.29.0
    # via
    #   -r requirements.txt
    #   datasets
    #   evaluate
hyperlink==21.0.0
    # via twisted
hypothesis==6.126.0
    # via -r requirements.txt
identify==2.6.7
    # via pre-commit
idna==3.10
    # via
    #   anyio
    #   httpx
    #   hyperlink
    #   jsonschema
    #   requests
    #   tldextract
    #   trio
    #   yarl
imbalanced-learn==0.13.0
    # via -r requirements.txt
importlib-resources==6.5.2
    # via
    #   compact-json
    #   flask-restx
    #   numbers-parser
incremental==24.7.2
    # via twisted
inflect==7.5.0
    # via sqlacodegen-v2
iniconfig==2.0.0
    # via pytest
ipykernel==6.29.5
    # via jupyterlab
ipyleaflet==0.19.2
    # via -r requirements.txt
ipython==8.32.0
    # via
    #   black
    #   ipykernel
    #   ipywidgets
ipywidgets==8.1.5
    # via ipyleaflet
isoduration==20.11.0
    # via jsonschema
isort==6.0.0
    # via
    #   -r requirements.txt
    #   pylint
itemadapter==0.11.0
    # via
    #   itemloaders
    #   scrapy
itemloaders==1.3.2
    # via scrapy
itsdangerous==2.2.0
    # via flask
jedi==0.19.2
    # via ipython
jinja2==3.1.5
    # via
    #   altair
    #   bokeh
    #   branca
    #   flask
    #   jupyter-server
    #   jupyterlab
    #   jupyterlab-server
    #   nbconvert
    #   pydeck
    #   streamlit-image-coordinates
jmespath==1.0.1
    # via
    #   itemloaders
    #   parsel
joblib==1.4.2
    # via
    #   imbalanced-learn
    #   nltk
    #   scikit-learn
json5==0.10.0
    # via jupyterlab-server
jsonpointer==3.0.0
    # via jsonschema
jsonschema==4.23.0
    # via
    #   altair
    #   flask-restx
    #   jupyter-events
    #   jupyterlab-server
    #   nbformat
jsonschema-specifications==2024.10.1
    # via jsonschema
jupyter-client==8.6.3
    # via
    #   ipykernel
    #   jupyter-server
    #   nbclient
jupyter-core==5.7.2
    # via
    #   ipykernel
    #   jupyter-client
    #   jupyter-server
    #   jupyterlab
    #   nbclient
    #   nbconvert
    #   nbformat
jupyter-events==0.12.0
    # via jupyter-server
jupyter-leaflet==0.19.2
    # via ipyleaflet
jupyter-lsp==2.2.5
    # via jupyterlab
jupyter-server==2.15.0
    # via
    #   jupyter-lsp
    #   jupyterlab
    #   jupyterlab-server
    #   notebook-shim
jupyter-server-terminals==0.5.3
    # via jupyter-server
jupyterlab==4.3.5
    # via -r requirements.txt
jupyterlab-pygments==0.3.0
    # via nbconvert
jupyterlab-server==2.27.3
    # via jupyterlab
jupyterlab-widgets==3.0.13
    # via ipywidgets
kaggle==1.6.17
    # via -r requirements.txt
kiwisolver==1.4.8
    # via matplotlib
levenshtein==0.26.1
    # via python-levenshtein
liac-arff==2.5.0
    # via openml
linetimer==0.1.5
    # via -r requirements.txt
linkify-it-py==2.0.3
    # via panel
locket==1.0.0
    # via partd
lxml==5.3.1
    # via
    #   -r requirements.txt
    #   mechanicalsoup
    #   parsel
    #   pyquery
    #   python-docx
    #   scrapy
    #   yahoofinancials
markdown==3.7
    # via panel
markdown-it-py==3.0.0
    # via
    #   mdit-py-plugins
    #   panel
    #   rich
markdownify==0.14.1
    # via -r requirements.txt
markupsafe==3.0.2
    # via
    #   jinja2
    #   nbconvert
    #   werkzeug
matplotlib==3.10.0
    # via
    #   -r requirements.txt
    #   cartopy
    #   mplcursors
    #   planegeometry
    #   plotnine
    #   seaborn
    #   types-seaborn
matplotlib-inline==0.1.7
    # via
    #   ipykernel
    #   ipython
maturin==1.8.2
    # via -r requirements.txt
mccabe==0.7.0
    # via
    #   flake8
    #   pylint
mdit-py-plugins==0.4.2
    # via panel
mdurl==0.1.2
    # via markdown-it-py
mechanicalsoup==1.3.0
    # via -r requirements.txt
memory-profiler==0.61.0
    # via -r requirements.txt
minio==7.2.15
    # via openml
mistune==3.1.2
    # via nbconvert
mizani==0.13.1
    # via plotnine
more-itertools==10.6.0
    # via inflect
mplcursors==0.6
    # via -r requirements.txt
mpmath==1.3.0
    # via sympy
multidict==6.1.0
    # via
    #   aiohttp
    #   yarl
multiprocess==0.70.16
    # via
    #   datasets
    #   evaluate
multitasking==0.0.11
    # via yfinance
mypy==1.15.0
    # via -r requirements.txt
mypy-extensions==1.0.0
    # via
    #   black
    #   mypy
narwhals==1.27.1
    # via altair
natsort==8.4.0
    # via pdfsak
nbclient==0.10.2
    # via nbconvert
nbconvert==7.16.6
    # via jupyter-server
nbformat==5.10.4
    # via
    #   jupyter-server
    #   nbclient
    #   nbconvert
nest-asyncio==1.6.0
    # via ipykernel
netifaces==0.11.0
    # via -r requirements.txt
networkx==3.4.2
    # via osmnx
nltk==3.9.1
    # via rouge-score
nodeenv==1.9.1
    # via
    #   pre-commit
    #   pyright
notebook-shim==0.2.4
    # via jupyterlab
numbers-parser==4.14.3
    # via -r requirements.txt
numpy==2.2.3
    # via
    #   -r requirements.txt
    #   bokeh
    #   cartopy
    #   contourpy
    #   datasets
    #   evaluate
    #   geopandas
    #   geoviews
    #   gymnasium
    #   holoviews
    #   imbalanced-learn
    #   matplotlib
    #   mizani
    #   opencv-python-headless
    #   openml
    #   osmnx
    #   pandas
    #   pandas-stubs
    #   patsy
    #   planegeometry
    #   plotnine
    #   pydeck
    #   pyogrio
    #   rouge-score
    #   scikit-learn
    #   scipy
    #   seaborn
    #   shapely
    #   statsmodels
    #   streamlit
    #   types-seaborn
    #   yfinance
oauth2client==4.1.3
    # via -r requirements.txt
oauthlib==3.2.2
    # via requests-oauthlib
opencv-python-headless==4.11.0.86
    # via -r requirements.txt
openml==0.15.1
    # via -r requirements.txt
openpyxl==3.1.5
    # via -r requirements.txt
osmnx==2.0.1
    # via -r requirements.txt
outcome==1.3.0.post0
    # via
    #   trio
    #   trio-websocket
overrides==7.7.0
    # via jupyter-server
packaging==24.2
    # via
    #   altair
    #   black
    #   bokeh
    #   cartopy
    #   dask
    #   datasets
    #   deprecation
    #   evaluate
    #   geopandas
    #   geoviews
    #   gunicorn
    #   holoviews
    #   huggingface-hub
    #   ipykernel
    #   jupyter-events
    #   jupyter-server
    #   jupyterlab
    #   jupyterlab-server
    #   matplotlib
    #   nbconvert
    #   openml
    #   panel
    #   parsel
    #   pdfsak
    #   pyogrio
    #   pytesseract
    #   pytest
    #   scrapy
    #   statsmodels
    #   streamlit
palettable==3.3.3
    # via -r requirements.txt
pandas==2.2.3
    # via
    #   -r requirements.txt
    #   bokeh
    #   datasets
    #   evaluate
    #   geopandas
    #   holoviews
    #   mizani
    #   openml
    #   osmnx
    #   panel
    #   plotnine
    #   seaborn
    #   statsmodels
    #   streamlit
    #   yfinance
pandas-stubs==2.2.3.241126
    # via
    #   -r requirements.txt
    #   types-seaborn
pandocfilters==1.5.1
    # via nbconvert
panel==1.6.1
    # via
    #   geoviews
    #   holoviews
param==2.2.0
    # via
    #   geoviews
    #   holoviews
    #   panel
    #   pyviz-comms
parse==1.20.2
    # via requests-html
parsel==1.10.0
    # via
    #   itemloaders
    #   scrapy
parso==0.8.4
    # via jedi
partd==1.4.2
    # via dask
pathlib-mate==1.3.2
    # via uszipcode
pathspec==0.12.1
    # via black
patsy==1.0.1
    # via statsmodels
pdf2image==1.17.0
    # via -r requirements.txt
pdfsak==1.3.4
    # via -r requirements.txt
pdftotext==3.0.0
    # via -r requirements.txt
peewee==3.17.9
    # via
    #   yahoofinancials
    #   yfinance
pexpect==4.9.0
    # via ipython
pillow==11.1.0
    # via
    #   -r requirements.txt
    #   bokeh
    #   matplotlib
    #   pdf2image
    #   pytesseract
    #   streamlit
planegeometry==1.0.2
    # via -r requirements.txt
platformdirs==4.3.6
    # via
    #   black
    #   jupyter-core
    #   pylint
    #   requests-cache
    #   virtualenv
    #   yfinance
plotnine==0.14.5
    # via -r requirements.txt
pluggy==1.5.0
    # via pytest
polars==1.22.0
    # via -r requirements.txt
pre-commit==4.1.0
    # via -r requirements.txt
prettytable==3.14.0
    # via sqlalchemy-mate
prometheus-client==0.21.1
    # via jupyter-server
prompt-toolkit==3.0.50
    # via ipython
propcache==0.2.1
    # via
    #   aiohttp
    #   yarl
protego==0.4.0
    # via scrapy
protobuf==5.29.3
    # via
    #   numbers-parser
    #   streamlit
psutil==7.0.0
    # via
    #   -r requirements.txt
    #   ipykernel
    #   memory-profiler
    #   pynisher
ptyprocess==0.7.0
    # via
    #   pexpect
    #   terminado
pure-eval==0.2.3
    # via stack-data
py4j==0.10.9.7
    # via pyspark
pyarrow==19.0.1
    # via
    #   -r requirements.txt
    #   datasets
    #   openml
    #   pyarrow-stubs
    #   streamlit
pyarrow-stubs==17.16
    # via -r requirements.txt
pyasn1==0.6.1
    # via
    #   oauth2client
    #   pyasn1-modules
    #   rsa
    #   service-identity
pyasn1-modules==0.4.1
    # via
    #   google-auth
    #   oauth2client
    #   service-identity
pyaudioanalysis==0.2.5
    # via -r requirements.txt
pycodestyle==2.12.1
    # via flake8
pycparser==2.22
    # via cffi
pycryptodome==3.21.0
    # via minio
pydeck==0.9.1
    # via
    #   -r requirements.txt
    #   streamlit
pydispatcher==2.0.7
    # via scrapy
pydub==0.25.1
    # via -r requirements.txt
pyee==12.1.1
    # via pyppeteer
pyflakes==3.2.0
    # via flake8
pygame==2.6.1
    # via
    #   -r requirements.txt
    #   gymnasium
pygments==2.19.1
    # via
    #   enum-tools
    #   ipython
    #   nbconvert
    #   rich
pylint==3.3.4
    # via -r requirements.txt
pynisher==1.0.10
    # via -r requirements.txt
pyogrio==0.10.0
    # via geopandas
pyopenssl==25.0.0
    # via scrapy
pypandoc==1.15
    # via -r requirements.txt
pyparsing==3.2.1
    # via
    #   httplib2
    #   matplotlib
pyppeteer==0.0.25
    # via requests-html
pyproj==3.7.1
    # via
    #   cartopy
    #   geopandas
    #   geoviews
pyquery==2.0.1
    # via requests-html
pyrate-limiter==2.10.0
    # via requests-ratelimiter
pyright==1.1.394
    # via -r requirements.txt
pyshp==2.3.1
    # via cartopy
pysocks==1.7.1
    # via urllib3
pyspark==3.5.4
    # via -r requirements.txt
pytesseract==0.3.13
    # via -r requirements.txt
pytest==8.3.4
    # via
    #   -r requirements.txt
    #   pytest-cov
pytest-cov==5.0.0
    # via -r requirements.txt
python-dateutil==2.9.0.post0
    # via
    #   arrow
    #   jupyter-client
    #   kaggle
    #   matplotlib
    #   numbers-parser
    #   openml
    #   pandas
python-docx==1.1.2
    # via -r requirements.txt
python-json-logger==3.2.1
    # via jupyter-events
python-levenshtein==0.26.1
    # via -r requirements.txt
python-magic==0.4.27
    # via -r requirements.txt
python-slugify==8.0.4
    # via kaggle
python-snappy==0.7.3
    # via numbers-parser
pytz==2025.1
    # via
    #   flask-restx
    #   pandas
    #   yahoofinancials
    #   yfinance
pyviz-comms==3.0.4
    # via
    #   holoviews
    #   panel
pyyaml==6.0.2
    # via
    #   bokeh
    #   dask
    #   datasets
    #   huggingface-hub
    #   jupyter-events
    #   pre-commit
pyzmq==26.2.1
    # via
    #   ipykernel
    #   jupyter-client
    #   jupyter-server
queuelib==1.7.0
    # via scrapy
rapidfuzz==3.12.1
    # via levenshtein
redis==5.2.1
    # via -r requirements.txt
reedsolo==1.7.0
    # via -r requirements.txt
referencing==0.36.2
    # via
    #   jsonschema
    #   jsonschema-specifications
    #   jupyter-events
regex==2024.11.6
    # via nltk
requests==2.32.3
    # via
    #   datasets
    #   evaluate
    #   huggingface-hub
    #   jupyterlab-server
    #   kaggle
    #   mechanicalsoup
    #   openml
    #   osmnx
    #   panel
    #   requests-cache
    #   requests-file
    #   requests-html
    #   requests-oauthlib
    #   requests-ratelimiter
    #   streamlit
    #   tldextract
    #   uszipcode
    #   yahoofinancials
    #   yfinance
requests-cache==1.2.1
    # via
    #   -r requirements.txt
    #   yfinance
requests-file==2.1.0
    # via tldextract
requests-html==0.10.0
    # via -r requirements.txt
requests-oauthlib==2.0.0
    # via google-auth-oauthlib
requests-ratelimiter==0.7.0
    # via yfinance
rfc3339-validator==0.1.4
    # via
    #   jsonschema
    #   jupyter-events
rfc3986-validator==0.1.1
    # via
    #   jsonschema
    #   jupyter-events
rich==13.9.4
    # via
    #   streamlit
    #   typer
rouge-score==0.1.2
    # via -r requirements.txt
rpds-py==0.22.3
    # via
    #   jsonschema
    #   referencing
rsa==4.9
    # via
    #   google-auth
    #   oauth2client
ruamel-yaml==0.18.10
    # via -r requirements.txt
ruff==0.9.6
    # via -r requirements.txt
scikit-learn==1.6.1
    # via
    #   -r requirements.txt
    #   imbalanced-learn
    #   openml
    #   sklearn-compat
scipy==1.15.2
    # via
    #   imbalanced-learn
    #   mizani
    #   openml
    #   plotnine
    #   scikit-learn
    #   statsmodels
scrapy==2.12.0
    # via -r requirements.txt
seaborn==0.13.2
    # via -r requirements.txt
selenium==4.28.1
    # via -r requirements.txt
send2trash==1.8.3
    # via jupyter-server
service-identity==24.2.0
    # via scrapy
setuptools==75.8.0
    # via
    #   compact-json
    #   incremental
    #   jupyterlab
    #   numbers-parser
    #   zope-interface
shapely==2.0.7
    # via
    #   cartopy
    #   geopandas
    #   geoviews
    #   osmnx
shellingham==1.5.4
    # via typer
sigfig==1.3.18
    # via numbers-parser
six==1.17.0
    # via
    #   kaggle
    #   markdownify
    #   oauth2client
    #   python-dateutil
    #   rfc3339-validator
    #   rouge-score
    #   url-normalize
sklearn-compat==0.1.3
    # via imbalanced-learn
smmap==5.0.2
    # via gitdb
sniffio==1.3.1
    # via
    #   anyio
    #   trio
sortedcontainers==2.4.0
    # via
    #   -r requirements.txt
    #   hypothesis
    #   sigfig
    #   sortedcontainers-stubs
    #   trio
sortedcontainers-stubs==2.4.2
    # via -r requirements.txt
soupsieve==2.6
    # via beautifulsoup4
sqlacodegen-v2==0.1.4
    # via -r requirements.txt
sqlalchemy==2.0.38
    # via
    #   -r requirements.txt
    #   flask-sqlalchemy
    #   sqlacodegen-v2
    #   sqlalchemy-mate
    #   uszipcode
sqlalchemy-mate==2.0.0.3
    # via
    #   -r requirements.txt
    #   uszipcode
stack-data==0.6.3
    # via ipython
statsmodels==0.14.4
    # via plotnine
streamlit==1.42.1
    # via
    #   -r requirements.txt
    #   streamlit-image-coordinates
streamlit-image-coordinates==0.2.0
    # via -r requirements.txt
swig==4.3.0
    # via -r requirements.txt
sympy==1.13.3
    # via -r requirements.txt
tabulate==0.9.0
    # via -r requirements.txt
tenacity==9.0.0
    # via streamlit
terminado==0.18.1
    # via
    #   jupyter-server
    #   jupyter-server-terminals
text-unidecode==1.3
    # via python-slugify
threadpoolctl==3.5.0
    # via
    #   imbalanced-learn
    #   scikit-learn
tinycss2==1.4.0
    # via bleach
tldextract==5.1.3
    # via scrapy
tokenize-rt==6.1.0
    # via black
toml==0.10.2
    # via
    #   coverage
    #   streamlit
tomlkit==0.13.2
    # via pylint
toolz==1.0.0
    # via
    #   dask
    #   partd
tornado==6.4.2
    # via
    #   bokeh
    #   ipykernel
    #   jupyter-client
    #   jupyter-server
    #   jupyterlab
    #   streamlit
    #   terminado
tqdm==4.67.1
    # via
    #   datasets
    #   evaluate
    #   huggingface-hub
    #   kaggle
    #   nltk
    #   openml
    #   panel
    #   pdfsak
    #   pyppeteer
traitlets==5.14.3
    # via
    #   comm
    #   ipykernel
    #   ipython
    #   ipywidgets
    #   jupyter-client
    #   jupyter-core
    #   jupyter-events
    #   jupyter-server
    #   jupyterlab
    #   matplotlib-inline
    #   nbclient
    #   nbconvert
    #   nbformat
    #   traittypes
traittypes==0.2.1
    # via ipyleaflet
trio==0.29.0
    # via
    #   selenium
    #   trio-websocket
trio-websocket==0.12.1
    # via selenium
twisted==24.11.0
    # via scrapy
typeguard==4.4.2
    # via inflect
typer==0.15.1
    # via -r requirements.txt
types-beautifulsoup4==4.12.0.20250204
    # via -r requirements.txt
types-cffi==1.16.0.20241221
    # via types-pyopenssl
types-html5lib==1.1.11.20241018
    # via types-beautifulsoup4
types-openpyxl==3.1.5.20241225
    # via -r requirements.txt
types-pillow==10.2.0.20240822
    # via -r requirements.txt
types-pyopenssl==24.1.0.20240722
    # via types-redis
types-python-dateutil==2.9.0.20241206
    # via
    #   -r requirements.txt
    #   arrow
types-pytz==2025.1.0.20250204
    # via pandas-stubs
types-redis==4.6.0.20241004
    # via -r requirements.txt
types-requests==2.32.0.20241016
    # via
    #   -r requirements.txt
    #   types-tqdm
types-seaborn==0.13.2.20250111
    # via -r requirements.txt
types-setuptools==75.8.0.20250210
    # via types-cffi
types-tabulate==0.9.0.20241207
    # via -r requirements.txt
types-tqdm==4.67.0.20241221
    # via -r requirements.txt
typing-extensions==4.12.2
    # via
    #   altair
    #   beautifulsoup4
    #   enum-tools
    #   gymnasium
    #   huggingface-hub
    #   minio
    #   mypy
    #   panel
    #   pyee
    #   pynisher
    #   pyright
    #   python-docx
    #   selenium
    #   sortedcontainers-stubs
    #   sqlalchemy
    #   streamlit
    #   twisted
    #   typeguard
    #   typer
tzdata==2025.1
    # via pandas
uc-micro-py==1.0.3
    # via linkify-it-py
unidecode==1.3.8
    # via -r requirements.txt
uri-template==1.3.0
    # via jsonschema
url-normalize==1.4.3
    # via requests-cache
urllib3==2.3.0
    # via
    #   kaggle
    #   minio
    #   pyppeteer
    #   requests
    #   requests-cache
    #   selenium
    #   types-requests
uszipcode==1.0.1
    # via -r requirements.txt
uv==0.6.2
    # via -r requirements.txt
virtualenv==20.29.2
    # via pre-commit
w3lib==2.3.1
    # via
    #   parsel
    #   requests-html
    #   scrapy
watchdog==6.0.0
    # via -r requirements.txt
wcwidth==0.2.13
    # via
    #   compact-json
    #   prettytable
    #   prompt-toolkit
webcolors==24.11.1
    # via jsonschema
webencodings==0.5.1
    # via
    #   bleach
    #   tinycss2
websocket-client==1.8.0
    # via
    #   jupyter-server
    #   selenium
websockets==15.0
    # via pyppeteer
werkzeug==3.1.3
    # via
    #   flask
    #   flask-restx
widgetsnbextension==4.0.13
    # via ipywidgets
wsproto==1.2.0
    # via trio-websocket
xlsx2csv==0.8.4
    # via -r requirements.txt
xmltodict==0.14.2
    # via openml
xxhash==3.5.0
    # via
    #   datasets
    #   evaluate
xyzservices==2025.1.0
    # via
    #   bokeh
    #   geoviews
    #   ipyleaflet
yahoofinancials==1.20
    # via -r requirements.txt
yarl==1.18.3
    # via aiohttp
yfinance==0.2.54
    # via -r requirements.txt
zope-interface==7.2
    # via
    #   scrapy
    #   twisted
